
Microsoft Visual Studio Solution File, Format Version 12.00
# Visual Studio Version 17
VisualStudioVersion = 17.0.31903.59
MinimumVisualStudioVersion = 10.0.40219.1
Project("{2150E333-8FDC-42A3-9474-1A3956D46DE8}") = "src", "src", "{827E0CD3-B72D-47B6-A68D-7590B98EB39B}"
EndProject
Project("{FAE04EC0-301F-11D3-BF4B-00C04F79EFBC}") = "Ransys.Domain", "src\Ransys.Domain\Ransys.Domain.csproj", "{43D0F963-9AEA-481A-96DF-F2A388ECA80E}"
EndProject
Project("{2150E333-8FDC-42A3-9474-1A3956D46DE8}") = "tests", "tests", "{0AB3BF05-4346-4AA6-1389-037BE0695223}"
EndProject
Project("{FAE04EC0-301F-11D3-BF4B-00C04F79EFBC}") = "Ransys.Testing.PostgreSql", "tests\Ransys.Testing.PostgreSql\Ransys.Testing.PostgreSql.csproj", "{34F1D173-3BC9-454B-B5DB-5069591B7E37}"
EndProject
Project("{FAE04EC0-301F-11D3-BF4B-00C04F79EFBC}") = "Ransys.Adapter.Contracts", "src\Ransys.Adapter.Contracts\Ransys.Adapter.Contracts.csproj", "{4E4A1E42-D356-4F9B-846D-26E4F9FBD1EA}"
EndProject
Project("{FAE04EC0-301F-11D3-BF4B-00C04F79EFBC}") = "Ransys.Contracts", "src\Ransys.Contracts\Ransys.Contracts.csproj", "{9A8A9D8B-A6B9-426A-A507-B143BE8D071D}"
EndProject
Project("{FAE04EC0-301F-11D3-BF4B-00C04F79EFBC}") = "Ransys.Adapter.Sdk", "src\Ransys.Adapter.Sdk\Ransys.Adapter.Sdk.csproj", "{D5742A79-A829-4BFD-B658-DB10FD2BFE26}"
EndProject
Project("{FAE04EC0-301F-11D3-BF4B-00C04F79EFBC}") = "Ransys.Api", "src\Ransys.Api\Ransys.Api.csproj", "{5F555176-9E68-4256-9437-4861F67BEA72}"
EndProject
Project("{FAE04EC0-301F-11D3-BF4B-00C04F79EFBC}") = "Ransys.TransactionCore", "src\Ransys.TransactionCore\Ransys.TransactionCore.csproj", "{923BE667-5E8D-4875-AE92-BEC5D46A1DAD}"
EndProject
Project("{FAE04EC0-301F-11D3-BF4B-00C04F79EFBC}") = "Ransys.Application", "src\Ransys.Application\Ransys.Application.csproj", "{C6332F63-B16A-4FE6-BB6A-02029683EBC0}"
EndProject
Project("{FAE04EC0-301F-11D3-BF4B-00C04F79EFBC}") = "Ransys.Ledger", "src\Ransys.Ledger\Ransys.Ledger.csproj", "{4197E6A3-5CCF-470C-8F2D-E774B47A59CB}"
EndProject
Project("{FAE04EC0-301F-11D3-BF4B-00C04F79EFBC}") = "Ransys.Routing", "src\Ransys.Routing\Ransys.Routing.csproj", "{2F720D59-1889-43CE-B946-DE2663BA6171}"
EndProject
Project("{FAE04EC0-301F-11D3-BF4B-00C04F79EFBC}") = "Ransys.Configuration", "src\Ransys.Configuration\Ransys.Configuration.csproj", "{143A35CA-6057-4412-B466-BEAA5B0C5028}"
EndProject
Project("{FAE04EC0-301F-11D3-BF4B-00C04F79EFBC}") = "Ransys.Persistence.PostgreSql", "src\Ransys.Persistence.PostgreSql\Ransys.Persistence.PostgreSql.csproj", "{421DEB2A-567B-47E7-A87C-43779509680C}"
EndProject
Project("{FAE04EC0-301F-11D3-BF4B-00C04F79EFBC}") = "Ransys.Infrastructure", "src\Ransys.Infrastructure\Ransys.Infrastructure.csproj", "{B2002E7A-869A-4AE7-B628-3967481A2614}"
EndProject
Project("{FAE04EC0-301F-11D3-BF4B-00C04F79EFBC}") = "Ransys.Workers", "src\Ransys.Workers\Ransys.Workers.csproj", "{C6011074-16DB-4DEE-861D-88AB30D00E5D}"
EndProject
Project("{FAE04EC0-301F-11D3-BF4B-00C04F79EFBC}") = "Ransys.Application.Tests", "tests\Ransys.Application.Tests\Ransys.Application.Tests.csproj", "{DEC33CB4-3561-4E1D-B0D5-F434748B86F3}"
EndProject
Project("{FAE04EC0-301F-11D3-BF4B-00C04F79EFBC}") = "Ransys.Domain.Tests", "tests\Ransys.Domain.Tests\Ransys.Domain.Tests.csproj", "{20411302-22CA-4FE5-8847-CE6634AF76A5}"
EndProject
Project("{FAE04EC0-301F-11D3-BF4B-00C04F79EFBC}") = "Ransys.IntegrationTests", "tests\Ransys.IntegrationTests\Ransys.IntegrationTests.csproj", "{69D99060-BB1E-4345-9455-F1A9E3B3A335}"
EndProject
Project("{FAE04EC0-301F-11D3-BF4B-00C04F79EFBC}") = "Ransys.Ledger.Tests", "tests\Ransys.Ledger.Tests\Ransys.Ledger.Tests.csproj", "{1392FF92-38CF-4BB8-A6F3-0CB7D35840A1}"
EndProject
Project("{FAE04EC0-301F-11D3-BF4B-00C04F79EFBC}") = "Ransys.Persistence.Tests", "tests\Ransys.Persistence.Tests\Ransys.Persistence.Tests.csproj", "{AD240BAD-CAA3-4EB8-ADE2-777EFDDD4CF7}"
EndProject
Project("{FAE04EC0-301F-11D3-BF4B-00C04F79EFBC}") = "Ransys.TransactionCore.Tests", "tests\Ransys.TransactionCore.Tests\Ransys.TransactionCore.Tests.csproj", "{583D12D2-5C26-4289-A129-C5FD7D0BAA31}"
EndProject
Project("{FAE04EC0-301F-11D3-BF4B-00C04F79EFBC}") = "Ransys.Adapter.Tests", "tests\Ransys.Adapter.Tests\Ransys.Adapter.Tests.csproj", "{4ADC2012-0F46-4CDD-8D56-2DD126867F43}"
EndProject
Project("{FAE04EC0-301F-11D3-BF4B-00C04F79EFBC}") = "Ransys.Api.Tests", "tests\Ransys.Api.Tests\Ransys.Api.Tests.csproj", "{AE8292F3-70D4-438D-9795-10FCC7315EF1}"
EndProject
Global
	GlobalSection(SolutionConfigurationPlatforms) = preSolution
		Debug|Any CPU = Debug|Any CPU
		Debug|x64 = Debug|x64
		Debug|x86 = Debug|x86
		Release|Any CPU = Release|Any CPU
		Release|x64 = Release|x64
		Release|x86 = Release|x86
	EndGlobalSection
	GlobalSection(ProjectConfigurationPlatforms) = postSolution
		{43D0F963-9AEA-481A-96DF-F2A388ECA80E}.Debug|Any CPU.ActiveCfg = Debug|Any CPU
		{43D0F963-9AEA-481A-96DF-F2A388ECA80E}.Debug|Any CPU.Build.0 = Debug|Any CPU
		{43D0F963-9AEA-481A-96DF-F2A388ECA80E}.Debug|x64.ActiveCfg = Debug|Any CPU
		{43D0F963-9AEA-481A-96DF-F2A388ECA80E}.Debug|x64.Build.0 = Debug|Any CPU
		{43D0F963-9AEA-481A-96DF-F2A388ECA80E}.Debug|x86.ActiveCfg = Debug|Any CPU
		{43D0F963-9AEA-481A-96DF-F2A388ECA80E}.Debug|x86.Build.0 = Debug|Any CPU
		{43D0F963-9AEA-481A-96DF-F2A388ECA80E}.Release|Any CPU.ActiveCfg = Release|Any CPU
		{43D0F963-9AEA-481A-96DF-F2A388ECA80E}.Release|Any CPU.Build.0 = Release|Any CPU
		{43D0F963-9AEA-481A-96DF-F2A388ECA80E}.Release|x64.ActiveCfg = Release|Any CPU
		{43D0F963-9AEA-481A-96DF-F2A388ECA80E}.Release|x64.Build.0 = Release|Any CPU
		{43D0F963-9AEA-481A-96DF-F2A388ECA80E}.Release|x86.ActiveCfg = Release|Any CPU
		{43D0F963-9AEA-481A-96DF-F2A388ECA80E}.Release|x86.Build.0 = Release|Any CPU
		{34F1D173-3BC9-454B-B5DB-5069591B7E37}.Debug|Any CPU.ActiveCfg = Debug|Any CPU
		{34F1D173-3BC9-454B-B5DB-5069591B7E37}.Debug|Any CPU.Build.0 = Debug|Any CPU
		{34F1D173-3BC9-454B-B5DB-5069591B7E37}.Debug|x64.ActiveCfg = Debug|Any CPU
		{34F1D173-3BC9-454B-B5DB-5069591B7E37}.Debug|x64.Build.0 = Debug|Any CPU
		{34F1D173-3BC9-454B-B5DB-5069591B7E37}.Debug|x86.ActiveCfg = Debug|Any CPU
		{34F1D173-3BC9-454B-B5DB-5069591B7E37}.Debug|x86.Build.0 = Debug|Any CPU
		{34F1D173-3BC9-454B-B5DB-5069591B7E37}.Release|Any CPU.ActiveCfg = Release|Any CPU
		{34F1D173-3BC9-454B-B5DB-5069591B7E37}.Release|Any CPU.Build.0 = Release|Any CPU
		{34F1D173-3BC9-454B-B5DB-5069591B7E37}.Release|x64.ActiveCfg = Release|Any CPU
		{34F1D173-3BC9-454B-B5DB-5069591B7E37}.Release|x64.Build.0 = Release|Any CPU
		{34F1D173-3BC9-454B-B5DB-5069591B7E37}.Release|x86.ActiveCfg = Release|Any CPU
		{34F1D173-3BC9-454B-B5DB-5069591B7E37}.Release|x86.Build.0 = Release|Any CPU
		{4E4A1E42-D356-4F9B-846D-26E4F9FBD1EA}.Debug|Any CPU.ActiveCfg = Debug|Any CPU
		{4E4A1E42-D356-4F9B-846D-26E4F9FBD1EA}.Debug|Any CPU.Build.0 = Debug|Any CPU
		{4E4A1E42-D356-4F9B-846D-26E4F9FBD1EA}.Debug|x64.ActiveCfg = Debug|Any CPU
		{4E4A1E42-D356-4F9B-846D-26E4F9FBD1EA}.Debug|x64.Build.0 = Debug|Any CPU
		{4E4A1E42-D356-4F9B-846D-26E4F9FBD1EA}.Debug|x86.ActiveCfg = Debug|Any CPU
		{4E4A1E42-D356-4F9B-846D-26E4F9FBD1EA}.Debug|x86.Build.0 = Debug|Any CPU
		{4E4A1E42-D356-4F9B-846D-26E4F9FBD1EA}.Release|Any CPU.ActiveCfg = Release|Any CPU
		{4E4A1E42-D356-4F9B-846D-26E4F9FBD1EA}.Release|Any CPU.Build.0 = Release|Any CPU
		{4E4A1E42-D356-4F9B-846D-26E4F9FBD1EA}.Release|x64.ActiveCfg = Release|Any CPU
		{4E4A1E42-D356-4F9B-846D-26E4F9FBD1EA}.Release|x64.Build.0 = Release|Any CPU
		{4E4A1E42-D356-4F9B-846D-26E4F9FBD1EA}.Release|x86.ActiveCfg = Release|Any CPU
		{4E4A1E42-D356-4F9B-846D-26E4F9FBD1EA}.Release|x86.Build.0 = Release|Any CPU
		{9A8A9D8B-A6B9-426A-A507-B143BE8D071D}.Debug|Any CPU.ActiveCfg = Debug|Any CPU
		{9A8A9D8B-A6B9-426A-A507-B143BE8D071D}.Debug|Any CPU.Build.0 = Debug|Any CPU
		{9A8A9D8B-A6B9-426A-A507-B143BE8D071D}.Debug|x64.ActiveCfg = Debug|Any CPU
		{9A8A9D8B-A6B9-426A-A507-B143BE8D071D}.Debug|x64.Build.0 = Debug|Any CPU
		{9A8A9D8B-A6B9-426A-A507-B143BE8D071D}.Debug|x86.ActiveCfg = Debug|Any CPU
		{9A8A9D8B-A6B9-426A-A507-B143BE8D071D}.Debug|x86.Build.0 = Debug|Any CPU
		{9A8A9D8B-A6B9-426A-A507-B143BE8D071D}.Release|Any CPU.ActiveCfg = Release|Any CPU
		{9A8A9D8B-A6B9-426A-A507-B143BE8D071D}.Release|Any CPU.Build.0 = Release|Any CPU
		{9A8A9D8B-A6B9-426A-A507-B143BE8D071D}.Release|x64.ActiveCfg = Release|Any CPU
		{9A8A9D8B-A6B9-426A-A507-B143BE8D071D}.Release|x64.Build.0 = Release|Any CPU
		{9A8A9D8B-A6B9-426A-A507-B143BE8D071D}.Release|x86.ActiveCfg = Release|Any CPU
		{9A8A9D8B-A6B9-426A-A507-B143BE8D071D}.Release|x86.Build.0 = Release|Any CPU
		{D5742A79-A829-4BFD-B658-DB10FD2BFE26}.Debug|Any CPU.ActiveCfg = Debug|Any CPU
		{D5742A79-A829-4BFD-B658-DB10FD2BFE26}.Debug|Any CPU.Build.0 = Debug|Any CPU
		{D5742A79-A829-4BFD-B658-DB10FD2BFE26}.Debug|x64.ActiveCfg = Debug|Any CPU
		{D5742A79-A829-4BFD-B658-DB10FD2BFE26}.Debug|x64.Build.0 = Debug|Any CPU
		{D5742A79-A829-4BFD-B658-DB10FD2BFE26}.Debug|x86.ActiveCfg = Debug|Any CPU
		{D5742A79-A829-4BFD-B658-DB10FD2BFE26}.Debug|x86.Build.0 = Debug|Any CPU
		{D5742A79-A829-4BFD-B658-DB10FD2BFE26}.Release|Any CPU.ActiveCfg = Release|Any CPU
		{D5742A79-A829-4BFD-B658-DB10FD2BFE26}.Release|Any CPU.Build.0 = Release|Any CPU
		{D5742A79-A829-4BFD-B658-DB10FD2BFE26}.Release|x64.ActiveCfg = Release|Any CPU
		{D5742A79-A829-4BFD-B658-DB10FD2BFE26}.Release|x64.Build.0 = Release|Any CPU
		{D5742A79-A829-4BFD-B658-DB10FD2BFE26}.Release|x86.ActiveCfg = Release|Any CPU
		{D5742A79-A829-4BFD-B658-DB10FD2BFE26}.Release|x86.Build.0 = Release|Any CPU
		{5F555176-9E68-4256-9437-4861F67BEA72}.Debug|Any CPU.ActiveCfg = Debug|Any CPU
		{5F555176-9E68-4256-9437-4861F67BEA72}.Debug|Any CPU.Build.0 = Debug|Any CPU
		{5F555176-9E68-4256-9437-4861F67BEA72}.Debug|x64.ActiveCfg = Debug|Any CPU
		{5F555176-9E68-4256-9437-4861F67BEA72}.Debug|x64.Build.0 = Debug|Any CPU
		{5F555176-9E68-4256-9437-4861F67BEA72}.Debug|x86.ActiveCfg = Debug|Any CPU
		{5F555176-9E68-4256-9437-4861F67BEA72}.Debug|x86.Build.0 = Debug|Any CPU
		{5F555176-9E68-4256-9437-4861F67BEA72}.Release|Any CPU.ActiveCfg = Release|Any CPU
		{5F555176-9E68-4256-9437-4861F67BEA72}.Release|Any CPU.Build.0 = Release|Any CPU
		{5F555176-9E68-4256-9437-4861F67BEA72}.Release|x64.ActiveCfg = Release|Any CPU
		{5F555176-9E68-4256-9437-4861F67BEA72}.Release|x64.Build.0 = Release|Any CPU
		{5F555176-9E68-4256-9437-4861F67BEA72}.Release|x86.ActiveCfg = Release|Any CPU
		{5F555176-9E68-4256-9437-4861F67BEA72}.Release|x86.Build.0 = Release|Any CPU
		{923BE667-5E8D-4875-AE92-BEC5D46A1DAD}.Debug|Any CPU.ActiveCfg = Debug|Any CPU
		{923BE667-5E8D-4875-AE92-BEC5D46A1DAD}.Debug|Any CPU.Build.0 = Debug|Any CPU
		{923BE667-5E8D-4875-AE92-BEC5D46A1DAD}.Debug|x64.ActiveCfg = Debug|Any CPU
		{923BE667-5E8D-4875-AE92-BEC5D46A1DAD}.Debug|x64.Build.0 = Debug|Any CPU
		{923BE667-5E8D-4875-AE92-BEC5D46A1DAD}.Debug|x86.ActiveCfg = Debug|Any CPU
		{923BE667-5E8D-4875-AE92-BEC5D46A1DAD}.Debug|x86.Build.0 = Debug|Any CPU
		{923BE667-5E8D-4875-AE92-BEC5D46A1DAD}.Release|Any CPU.ActiveCfg = Release|Any CPU
		{923BE667-5E8D-4875-AE92-BEC5D46A1DAD}.Release|Any CPU.Build.0 = Release|Any CPU
		{923BE667-5E8D-4875-AE92-BEC5D46A1DAD}.Release|x64.ActiveCfg = Release|Any CPU
		{923BE667-5E8D-4875-AE92-BEC5D46A1DAD}.Release|x64.Build.0 = Release|Any CPU
		{923BE667-5E8D-4875-AE92-BEC5D46A1DAD}.Release|x86.ActiveCfg = Release|Any CPU
		{923BE667-5E8D-4875-AE92-BEC5D46A1DAD}.Release|x86.Build.0 = Release|Any CPU
		{C6332F63-B16A-4FE6-BB6A-02029683EBC0}.Debug|Any CPU.ActiveCfg = Debug|Any CPU
		{C6332F63-B16A-4FE6-BB6A-02029683EBC0}.Debug|Any CPU.Build.0 = Debug|Any CPU
		{C6332F63-B16A-4FE6-BB6A-02029683EBC0}.Debug|x64.ActiveCfg = Debug|Any CPU
		{C6332F63-B16A-4FE6-BB6A-02029683EBC0}.Debug|x64.Build.0 = Debug|Any CPU
		{C6332F63-B16A-4FE6-BB6A-02029683EBC0}.Debug|x86.ActiveCfg = Debug|Any CPU
		{C6332F63-B16A-4FE6-BB6A-02029683EBC0}.Debug|x86.Build.0 = Debug|Any CPU
		{C6332F63-B16A-4FE6-BB6A-02029683EBC0}.Release|Any CPU.ActiveCfg = Release|Any CPU
		{C6332F63-B16A-4FE6-BB6A-02029683EBC0}.Release|Any CPU.Build.0 = Release|Any CPU
		{C6332F63-B16A-4FE6-BB6A-02029683EBC0}.Release|x64.ActiveCfg = Release|Any CPU
		{C6332F63-B16A-4FE6-BB6A-02029683EBC0}.Release|x64.Build.0 = Release|Any CPU
		{C6332F63-B16A-4FE6-BB6A-02029683EBC0}.Release|x86.ActiveCfg = Release|Any CPU
		{C6332F63-B16A-4FE6-BB6A-02029683EBC0}.Release|x86.Build.0 = Release|Any CPU
		{4197E6A3-5CCF-470C-8F2D-E774B47A59CB}.Debug|Any CPU.ActiveCfg = Debug|Any CPU
		{4197E6A3-5CCF-470C-8F2D-E774B47A59CB}.Debug|Any CPU.Build.0 = Debug|Any CPU
		{4197E6A3-5CCF-470C-8F2D-E774B47A59CB}.Debug|x64.ActiveCfg = Debug|Any CPU
		{4197E6A3-5CCF-470C-8F2D-E774B47A59CB}.Debug|x64.Build.0 = Debug|Any CPU
		{4197E6A3-5CCF-470C-8F2D-E774B47A59CB}.Debug|x86.ActiveCfg = Debug|Any CPU
		{4197E6A3-5CCF-470C-8F2D-E774B47A59CB}.Debug|x86.Build.0 = Debug|Any CPU
		{4197E6A3-5CCF-470C-8F2D-E774B47A59CB}.Release|Any CPU.ActiveCfg = Release|Any CPU
		{4197E6A3-5CCF-470C-8F2D-E774B47A59CB}.Release|Any CPU.Build.0 = Release|Any CPU
		{4197E6A3-5CCF-470C-8F2D-E774B47A59CB}.Release|x64.ActiveCfg = Release|Any CPU
		{4197E6A3-5CCF-470C-8F2D-E774B47A59CB}.Release|x64.Build.0 = Release|Any CPU
		{4197E6A3-5CCF-470C-8F2D-E774B47A59CB}.Release|x86.ActiveCfg = Release|Any CPU
		{4197E6A3-5CCF-470C-8F2D-E774B47A59CB}.Release|x86.Build.0 = Release|Any CPU
		{2F720D59-1889-43CE-B946-DE2663BA6171}.Debug|Any CPU.ActiveCfg = Debug|Any CPU
		{2F720D59-1889-43CE-B946-DE2663BA6171}.Debug|Any CPU.Build.0 = Debug|Any CPU
		{2F720D59-1889-43CE-B946-DE2663BA6171}.Debug|x64.ActiveCfg = Debug|Any CPU
		{2F720D59-1889-43CE-B946-DE2663BA6171}.Debug|x64.Build.0 = Debug|Any CPU
		{2F720D59-1889-43CE-B946-DE2663BA6171}.Debug|x86.ActiveCfg = Debug|Any CPU
		{2F720D59-1889-43CE-B946-DE2663BA6171}.Debug|x86.Build.0 = Debug|Any CPU
		{2F720D59-1889-43CE-B946-DE2663BA6171}.Release|Any CPU.ActiveCfg = Release|Any CPU
		{2F720D59-1889-43CE-B946-DE2663BA6171}.Release|Any CPU.Build.0 = Release|Any CPU
		{2F720D59-1889-43CE-B946-DE2663BA6171}.Release|x64.ActiveCfg = Release|Any CPU
		{2F720D59-1889-43CE-B946-DE2663BA6171}.Release|x64.Build.0 = Release|Any CPU
		{2F720D59-1889-43CE-B946-DE2663BA6171}.Release|x86.ActiveCfg = Release|Any CPU
		{2F720D59-1889-43CE-B946-DE2663BA6171}.Release|x86.Build.0 = Release|Any CPU
		{143A35CA-6057-4412-B466-BEAA5B0C5028}.Debug|Any CPU.ActiveCfg = Debug|Any CPU
		{143A35CA-6057-4412-B466-BEAA5B0C5028}.Debug|Any CPU.Build.0 = Debug|Any CPU
		{143A35CA-6057-4412-B466-BEAA5B0C5028}.Debug|x64.ActiveCfg = Debug|Any CPU
		{143A35CA-6057-4412-B466-BEAA5B0C5028}.Debug|x64.Build.0 = Debug|Any CPU
		{143A35CA-6057-4412-B466-BEAA5B0C5028}.Debug|x86.ActiveCfg = Debug|Any CPU
		{143A35CA-6057-4412-B466-BEAA5B0C5028}.Debug|x86.Build.0 = Debug|Any CPU
		{143A35CA-6057-4412-B466-BEAA5B0C5028}.Release|Any CPU.ActiveCfg = Release|Any CPU
		{143A35CA-6057-4412-B466-BEAA5B0C5028}.Release|Any CPU.Build.0 = Release|Any CPU
		{143A35CA-6057-4412-B466-BEAA5B0C5028}.Release|x64.ActiveCfg = Release|Any CPU
		{143A35CA-6057-4412-B466-BEAA5B0C5028}.Release|x64.Build.0 = Release|Any CPU
		{143A35CA-6057-4412-B466-BEAA5B0C5028}.Release|x86.ActiveCfg = Release|Any CPU
		{143A35CA-6057-4412-B466-BEAA5B0C5028}.Release|x86.Build.0 = Release|Any CPU
		{421DEB2A-567B-47E7-A87C-43779509680C}.Debug|Any CPU.ActiveCfg = Debug|Any CPU
		{421DEB2A-567B-47E7-A87C-43779509680C}.Debug|Any CPU.Build.0 = Debug|Any CPU
		{421DEB2A-567B-47E7-A87C-43779509680C}.Debug|x64.ActiveCfg = Debug|Any CPU
		{421DEB2A-567B-47E7-A87C-43779509680C}.Debug|x64.Build.0 = Debug|Any CPU
		{421DEB2A-567B-47E7-A87C-43779509680C}.Debug|x86.ActiveCfg = Debug|Any CPU
		{421DEB2A-567B-47E7-A87C-43779509680C}.Debug|x86.Build.0 = Debug|Any CPU
		{421DEB2A-567B-47E7-A87C-43779509680C}.Release|Any CPU.ActiveCfg = Release|Any CPU
		{421DEB2A-567B-47E7-A87C-43779509680C}.Release|Any CPU.Build.0 = Release|Any CPU
		{421DEB2A-567B-47E7-A87C-43779509680C}.Release|x64.ActiveCfg = Release|Any CPU
		{421DEB2A-567B-47E7-A87C-43779509680C}.Release|x64.Build.0 = Release|Any CPU
		{421DEB2A-567B-47E7-A87C-43779509680C}.Release|x86.ActiveCfg = Release|Any CPU
		{421DEB2A-567B-47E7-A87C-43779509680C}.Release|x86.Build.0 = Release|Any CPU
		{B2002E7A-869A-4AE7-B628-3967481A2614}.Debug|Any CPU.ActiveCfg = Debug|Any CPU
		{B2002E7A-869A-4AE7-B628-3967481A2614}.Debug|Any CPU.Build.0 = Debug|Any CPU
		{B2002E7A-869A-4AE7-B628-3967481A2614}.Debug|x64.ActiveCfg = Debug|Any CPU
		{B2002E7A-869A-4AE7-B628-3967481A2614}.Debug|x64.Build.0 = Debug|Any CPU
		{B2002E7A-869A-4AE7-B628-3967481A2614}.Debug|x86.ActiveCfg = Debug|Any CPU
		{B2002E7A-869A-4AE7-B628-3967481A2614}.Debug|x86.Build.0 = Debug|Any CPU
		{B2002E7A-869A-4AE7-B628-3967481A2614}.Release|Any CPU.ActiveCfg = Release|Any CPU
		{B2002E7A-869A-4AE7-B628-3967481A2614}.Release|Any CPU.Build.0 = Release|Any CPU
		{B2002E7A-869A-4AE7-B628-3967481A2614}.Release|x64.ActiveCfg = Release|Any CPU
		{B2002E7A-869A-4AE7-B628-3967481A2614}.Release|x64.Build.0 = Release|Any CPU
		{B2002E7A-869A-4AE7-B628-3967481A2614}.Release|x86.ActiveCfg = Release|Any CPU
		{B2002E7A-869A-4AE7-B628-3967481A2614}.Release|x86.Build.0 = Release|Any CPU
		{C6011074-16DB-4DEE-861D-88AB30D00E5D}.Debug|Any CPU.ActiveCfg = Debug|Any CPU
		{C6011074-16DB-4DEE-861D-88AB30D00E5D}.Debug|Any CPU.Build.0 = Debug|Any CPU
		{C6011074-16DB-4DEE-861D-88AB30D00E5D}.Debug|x64.ActiveCfg = Debug|Any CPU
		{C6011074-16DB-4DEE-861D-88AB30D00E5D}.Debug|x64.Build.0 = Debug|Any CPU
		{C6011074-16DB-4DEE-861D-88AB30D00E5D}.Debug|x86.ActiveCfg = Debug|Any CPU
		{C6011074-16DB-4DEE-861D-88AB30D00E5D}.Debug|x86.Build.0 = Debug|Any CPU
		{C6011074-16DB-4DEE-861D-88AB30D00E5D}.Release|Any CPU.ActiveCfg = Release|Any CPU
		{C6011074-16DB-4DEE-861D-88AB30D00E5D}.Release|Any CPU.Build.0 = Release|Any CPU
		{C6011074-16DB-4DEE-861D-88AB30D00E5D}.Release|x64.ActiveCfg = Release|Any CPU
		{C6011074-16DB-4DEE-861D-88AB30D00E5D}.Release|x64.Build.0 = Release|Any CPU
		{C6011074-16DB-4DEE-861D-88AB30D00E5D}.Release|x86.ActiveCfg = Release|Any CPU
		{C6011074-16DB-4DEE-861D-88AB30D00E5D}.Release|x86.Build.0 = Release|Any CPU
		{DEC33CB4-3561-4E1D-B0D5-F434748B86F3}.Debug|Any CPU.ActiveCfg = Debug|Any CPU
		{DEC33CB4-3561-4E1D-B0D5-F434748B86F3}.Debug|Any CPU.Build.0 = Debug|Any CPU
		{DEC33CB4-3561-4E1D-B0D5-F434748B86F3}.Debug|x64.ActiveCfg = Debug|Any CPU
		{DEC33CB4-3561-4E1D-B0D5-F434748B86F3}.Debug|x64.Build.0 = Debug|Any CPU
		{DEC33CB4-3561-4E1D-B0D5-F434748B86F3}.Debug|x86.ActiveCfg = Debug|Any CPU
		{DEC33CB4-3561-4E1D-B0D5-F434748B86F3}.Debug|x86.Build.0 = Debug|Any CPU
		{DEC33CB4-3561-4E1D-B0D5-F434748B86F3}.Release|Any CPU.ActiveCfg = Release|Any CPU
		{DEC33CB4-3561-4E1D-B0D5-F434748B86F3}.Release|Any CPU.Build.0 = Release|Any CPU
		{DEC33CB4-3561-4E1D-B0D5-F434748B86F3}.Release|x64.ActiveCfg = Release|Any CPU
		{DEC33CB4-3561-4E1D-B0D5-F434748B86F3}.Release|x64.Build.0 = Release|Any CPU
		{DEC33CB4-3561-4E1D-B0D5-F434748B86F3}.Release|x86.ActiveCfg = Release|Any CPU
		{DEC33CB4-3561-4E1D-B0D5-F434748B86F3}.Release|x86.Build.0 = Release|Any CPU
		{20411302-22CA-4FE5-8847-CE6634AF76A5}.Debug|Any CPU.ActiveCfg = Debug|Any CPU
		{20411302-22CA-4FE5-8847-CE6634AF76A5}.Debug|Any CPU.Build.0 = Debug|Any CPU
		{20411302-22CA-4FE5-8847-CE6634AF76A5}.Debug|x64.ActiveCfg = Debug|Any CPU
		{20411302-22CA-4FE5-8847-CE6634AF76A5}.Debug|x64.Build.0 = Debug|Any CPU
		{20411302-22CA-4FE5-8847-CE6634AF76A5}.Debug|x86.ActiveCfg = Debug|Any CPU
		{20411302-22CA-4FE5-8847-CE6634AF76A5}.Debug|x86.Build.0 = Debug|Any CPU
		{20411302-22CA-4FE5-8847-CE6634AF76A5}.Release|Any CPU.ActiveCfg = Release|Any CPU
		{20411302-22CA-4FE5-8847-CE6634AF76A5}.Release|Any CPU.Build.0 = Release|Any CPU
		{20411302-22CA-4FE5-8847-CE6634AF76A5}.Release|x64.ActiveCfg = Release|Any CPU
		{20411302-22CA-4FE5-8847-CE6634AF76A5}.Release|x64.Build.0 = Release|Any CPU
		{20411302-22CA-4FE5-8847-CE6634AF76A5}.Release|x86.ActiveCfg = Release|Any CPU
		{20411302-22CA-4FE5-8847-CE6634AF76A5}.Release|x86.Build.0 = Release|Any CPU
		{69D99060-BB1E-4345-9455-F1A9E3B3A335}.Debug|Any CPU.ActiveCfg = Debug|Any CPU
		{69D99060-BB1E-4345-9455-F1A9E3B3A335}.Debug|Any CPU.Build.0 = Debug|Any CPU
		{69D99060-BB1E-4345-9455-F1A9E3B3A335}.Debug|x64.ActiveCfg = Debug|Any CPU
		{69D99060-BB1E-4345-9455-F1A9E3B3A335}.Debug|x64.Build.0 = Debug|Any CPU
		{69D99060-BB1E-4345-9455-F1A9E3B3A335}.Debug|x86.ActiveCfg = Debug|Any CPU
		{69D99060-BB1E-4345-9455-F1A9E3B3A335}.Debug|x86.Build.0 = Debug|Any CPU
		{69D99060-BB1E-4345-9455-F1A9E3B3A335}.Release|Any CPU.ActiveCfg = Release|Any CPU
		{69D99060-BB1E-4345-9455-F1A9E3B3A335}.Release|Any CPU.Build.0 = Release|Any CPU
		{69D99060-BB1E-4345-9455-F1A9E3B3A335}.Release|x64.ActiveCfg = Release|Any CPU
		{69D99060-BB1E-4345-9455-F1A9E3B3A335}.Release|x64.Build.0 = Release|Any CPU
		{69D99060-BB1E-4345-9455-F1A9E3B3A335}.Release|x86.ActiveCfg = Release|Any CPU
		{69D99060-BB1E-4345-9455-F1A9E3B3A335}.Release|x86.Build.0 = Release|Any CPU
		{1392FF92-38CF-4BB8-A6F3-0CB7D35840A1}.Debug|Any CPU.ActiveCfg = Debug|Any CPU
		{1392FF92-38CF-4BB8-A6F3-0CB7D35840A1}.Debug|Any CPU.Build.0 = Debug|Any CPU
		{1392FF92-38CF-4BB8-A6F3-0CB7D35840A1}.Debug|x64.ActiveCfg = Debug|Any CPU
		{1392FF92-38CF-4BB8-A6F3-0CB7D35840A1}.Debug|x64.Build.0 = Debug|Any CPU
		{1392FF92-38CF-4BB8-A6F3-0CB7D35840A1}.Debug|x86.ActiveCfg = Debug|Any CPU
		{1392FF92-38CF-4BB8-A6F3-0CB7D35840A1}.Debug|x86.Build.0 = Debug|Any CPU
		{1392FF92-38CF-4BB8-A6F3-0CB7D35840A1}.Release|Any CPU.ActiveCfg = Release|Any CPU
		{1392FF92-38CF-4BB8-A6F3-0CB7D35840A1}.Release|Any CPU.Build.0 = Release|Any CPU
		{1392FF92-38CF-4BB8-A6F3-0CB7D35840A1}.Release|x64.ActiveCfg = Release|Any CPU
		{1392FF92-38CF-4BB8-A6F3-0CB7D35840A1}.Release|x64.Build.0 = Release|Any CPU
		{1392FF92-38CF-4BB8-A6F3-0CB7D35840A1}.Release|x86.ActiveCfg = Release|Any CPU
		{1392FF92-38CF-4BB8-A6F3-0CB7D35840A1}.Release|x86.Build.0 = Release|Any CPU
		{AD240BAD-CAA3-4EB8-ADE2-777EFDDD4CF7}.Debug|Any CPU.ActiveCfg = Debug|Any CPU
		{AD240BAD-CAA3-4EB8-ADE2-777EFDDD4CF7}.Debug|Any CPU.Build.0 = Debug|Any CPU
		{AD240BAD-CAA3-4EB8-ADE2-777EFDDD4CF7}.Debug|x64.ActiveCfg = Debug|Any CPU
		{AD240BAD-CAA3-4EB8-ADE2-777EFDDD4CF7}.Debug|x64.Build.0 = Debug|Any CPU
		{AD240BAD-CAA3-4EB8-ADE2-777EFDDD4CF7}.Debug|x86.ActiveCfg = Debug|Any CPU
		{AD240BAD-CAA3-4EB8-ADE2-777EFDDD4CF7}.Debug|x86.Build.0 = Debug|Any CPU
		{AD240BAD-CAA3-4EB8-ADE2-777EFDDD4CF7}.Release|Any CPU.ActiveCfg = Release|Any CPU
		{AD240BAD-CAA3-4EB8-ADE2-777EFDDD4CF7}.Release|Any CPU.Build.0 = Release|Any CPU
		{AD240BAD-CAA3-4EB8-ADE2-777EFDDD4CF7}.Release|x64.ActiveCfg = Release|Any CPU
		{AD240BAD-CAA3-4EB8-ADE2-777EFDDD4CF7}.Release|x64.Build.0 = Release|Any CPU
		{AD240BAD-CAA3-4EB8-ADE2-777EFDDD4CF7}.Release|x86.ActiveCfg = Release|Any CPU
		{AD240BAD-CAA3-4EB8-ADE2-777EFDDD4CF7}.Release|x86.Build.0 = Release|Any CPU
		{583D12D2-5C26-4289-A129-C5FD7D0BAA31}.Debug|Any CPU.ActiveCfg = Debug|Any CPU
		{583D12D2-5C26-4289-A129-C5FD7D0BAA31}.Debug|Any CPU.Build.0 = Debug|Any CPU
		{583D12D2-5C26-4289-A129-C5FD7D0BAA31}.Debug|x64.ActiveCfg = Debug|Any CPU
		{583D12D2-5C26-4289-A129-C5FD7D0BAA31}.Debug|x64.Build.0 = Debug|Any CPU
		{583D12D2-5C26-4289-A129-C5FD7D0BAA31}.Debug|x86.ActiveCfg = Debug|Any CPU
		{583D12D2-5C26-4289-A129-C5FD7D0BAA31}.Debug|x86.Build.0 = Debug|Any CPU
		{583D12D2-5C26-4289-A129-C5FD7D0BAA31}.Release|Any CPU.ActiveCfg = Release|Any CPU
		{583D12D2-5C26-4289-A129-C5FD7D0BAA31}.Release|Any CPU.Build.0 = Release|Any CPU
		{583D12D2-5C26-4289-A129-C5FD7D0BAA31}.Release|x64.ActiveCfg = Release|Any CPU
		{583D12D2-5C26-4289-A129-C5FD7D0BAA31}.Release|x64.Build.0 = Release|Any CPU
		{583D12D2-5C26-4289-A129-C5FD7D0BAA31}.Release|x86.ActiveCfg = Release|Any CPU
		{583D12D2-5C26-4289-A129-C5FD7D0BAA31}.Release|x86.Build.0 = Release|Any CPU
		{4ADC2012-0F46-4CDD-8D56-2DD126867F43}.Debug|Any CPU.ActiveCfg = Debug|Any CPU
		{4ADC2012-0F46-4CDD-8D56-2DD126867F43}.Debug|Any CPU.Build.0 = Debug|Any CPU
		{4ADC2012-0F46-4CDD-8D56-2DD126867F43}.Debug|x64.ActiveCfg = Debug|Any CPU
		{4ADC2012-0F46-4CDD-8D56-2DD126867F43}.Debug|x64.Build.0 = Debug|Any CPU
		{4ADC2012-0F46-4CDD-8D56-2DD126867F43}.Debug|x86.ActiveCfg = Debug|Any CPU
		{4ADC2012-0F46-4CDD-8D56-2DD126867F43}.Debug|x86.Build.0 = Debug|Any CPU
		{4ADC2012-0F46-4CDD-8D56-2DD126867F43}.Release|Any CPU.ActiveCfg = Release|Any CPU
		{4ADC2012-0F46-4CDD-8D56-2DD126867F43}.Release|Any CPU.Build.0 = Release|Any CPU
		{4ADC2012-0F46-4CDD-8D56-2DD126867F43}.Release|x64.ActiveCfg = Release|Any CPU
		{4ADC2012-0F46-4CDD-8D56-2DD126867F43}.Release|x64.Build.0 = Release|Any CPU
		{4ADC2012-0F46-4CDD-8D56-2DD126867F43}.Release|x86.ActiveCfg = Release|Any CPU
		{4ADC2012-0F46-4CDD-8D56-2DD126867F43}.Release|x86.Build.0 = Release|Any CPU
		{AE8292F3-70D4-438D-9795-10FCC7315EF1}.Debug|Any CPU.ActiveCfg = Debug|Any CPU
		{AE8292F3-70D4-438D-9795-10FCC7315EF1}.Debug|Any CPU.Build.0 = Debug|Any CPU
		{AE8292F3-70D4-438D-9795-10FCC7315EF1}.Debug|x64.ActiveCfg = Debug|Any CPU
		{AE8292F3-70D4-438D-9795-10FCC7315EF1}.Debug|x64.Build.0 = Debug|Any CPU
		{AE8292F3-70D4-438D-9795-10FCC7315EF1}.Debug|x86.ActiveCfg = Debug|Any CPU
		{AE8292F3-70D4-438D-9795-10FCC7315EF1}.Debug|x86.Build.0 = Debug|Any CPU
		{AE8292F3-70D4-438D-9795-10FCC7315EF1}.Release|Any CPU.ActiveCfg = Release|Any CPU
		{AE8292F3-70D4-438D-9795-10FCC7315EF1}.Release|Any CPU.Build.0 = Release|Any CPU
		{AE8292F3-70D4-438D-9795-10FCC7315EF1}.Release|x64.ActiveCfg = Release|Any CPU
		{AE8292F3-70D4-438D-9795-10FCC7315EF1}.Release|x64.Build.0 = Release|Any CPU
		{AE8292F3-70D4-438D-9795-10FCC7315EF1}.Release|x86.ActiveCfg = Release|Any CPU
		{AE8292F3-70D4-438D-9795-10FCC7315EF1}.Release|x86.Build.0 = Release|Any CPU
	EndGlobalSection
	GlobalSection(SolutionProperties) = preSolution
		HideSolutionNode = FALSE
	EndGlobalSection
	GlobalSection(NestedProjects) = preSolution
		{43D0F963-9AEA-481A-96DF-F2A388ECA80E} = {827E0CD3-B72D-47B6-A68D-7590B98EB39B}
		{34F1D173-3BC9-454B-B5DB-5069591B7E37} = {0AB3BF05-4346-4AA6-1389-037BE0695223}
		{4E4A1E42-D356-4F9B-846D-26E4F9FBD1EA} = {827E0CD3-B72D-47B6-A68D-7590B98EB39B}
		{9A8A9D8B-A6B9-426A-A507-B143BE8D071D} = {827E0CD3-B72D-47B6-A68D-7590B98EB39B}
		{D5742A79-A829-4BFD-B658-DB10FD2BFE26} = {827E0CD3-B72D-47B6-A68D-7590B98EB39B}
		{5F555176-9E68-4256-9437-4861F67BEA72} = {827E0CD3-B72D-47B6-A68D-7590B98EB39B}
		{923BE667-5E8D-4875-AE92-BEC5D46A1DAD} = {827E0CD3-B72D-47B6-A68D-7590B98EB39B}
		{C6332F63-B16A-4FE6-BB6A-02029683EBC0} = {827E0CD3-B72D-47B6-A68D-7590B98EB39B}
		{4197E6A3-5CCF-470C-8F2D-E774B47A59CB} = {827E0CD3-B72D-47B6-A68D-7590B98EB39B}
		{2F720D59-1889-43CE-B946-DE2663BA6171} = {827E0CD3-B72D-47B6-A68D-7590B98EB39B}
		{143A35CA-6057-4412-B466-BEAA5B0C5028} = {827E0CD3-B72D-47B6-A68D-7590B98EB39B}
		{421DEB2A-567B-47E7-A87C-43779509680C} = {827E0CD3-B72D-47B6-A68D-7590B98EB39B}
		{B2002E7A-869A-4AE7-B628-3967481A2614} = {827E0CD3-B72D-47B6-A68D-7590B98EB39B}
		{C6011074-16DB-4DEE-861D-88AB30D00E5D} = {827E0CD3-B72D-47B6-A68D-7590B98EB39B}
		{DEC33CB4-3561-4E1D-B0D5-F434748B86F3} = {0AB3BF05-4346-4AA6-1389-037BE0695223}
		{20411302-22CA-4FE5-8847-CE6634AF76A5} = {0AB3BF05-4346-4AA6-1389-037BE0695223}
		{69D99060-BB1E-4345-9455-F1A9E3B3A335} = {0AB3BF05-4346-4AA6-1389-037BE0695223}
		{1392FF92-38CF-4BB8-A6F3-0CB7D35840A1} = {0AB3BF05-4346-4AA6-1389-037BE0695223}
		{AD240BAD-CAA3-4EB8-ADE2-777EFDDD4CF7} = {0AB3BF05-4346-4AA6-1389-037BE0695223}
		{583D12D2-5C26-4289-A129-C5FD7D0BAA31} = {0AB3BF05-4346-4AA6-1389-037BE0695223}
		{4ADC2012-0F46-4CDD-8D56-2DD126867F43} = {0AB3BF05-4346-4AA6-1389-037BE0695223}
		{AE8292F3-70D4-438D-9795-10FCC7315EF1} = {0AB3BF05-4346-4AA6-1389-037BE0695223}
	EndGlobalSection
EndGlobal
